
Microsoft Visual Studio Solution File, Format Version 12.00
# Visual Studio Version 17
VisualStudioVersion = 17.5.33516.290
MinimumVisualStudioVersion = 10.0.40219.1
Project("{9A19103F-16F7-4668-BE54-9A1E7A4F7556}") = "PersonelWebApp", "PersonelWebApp\PersonelWebApp.csproj", "{5AB38764-E8F7-41BC-A164-E4966E98CF15}"
EndProject
Project("{9A19103F-16F7-4668-BE54-9A1E7A4F7556}") = "Entity", "Entity\Entity.csproj", "{94981EC4-14C1-4F2F-9B93-4317806A5437}"
EndProject
Project("{9A19103F-16F7-4668-BE54-9A1E7A4F7556}") = "DataAccess", "DataAccess\DataAccess.csproj", "{6C256748-6CA5-44D8-B1E1-151B1064EE8C}"
EndProject
Project("{9A19103F-16F7-4668-BE54-9A1E7A4F7556}") = "BLL", "BLL\BLL.csproj", "{67FDED46-1494-43EE-B95E-6DD3E573440E}"
EndProject
Project("{FAE04EC0-301F-11D3-BF4B-00C04F79EFBC}") = "Common", "Common\Common.csproj", "{C0B408EF-0AE8-43B6-8C73-93DA69974C13}"
EndProject
Global
	GlobalSection(SolutionConfigurationPlatforms) = preSolution
		Debug|Any CPU = Debug|Any CPU
		Release|Any CPU = Release|Any CPU
	EndGlobalSection
	GlobalSection(ProjectConfigurationPlatforms) = postSolution
		{5AB38764-E8F7-41BC-A164-E4966E98CF15}.Debug|Any CPU.ActiveCfg = Debug|Any CPU
		{5AB38764-E8F7-41BC-A164-E4966E98CF15}.Debug|Any CPU.Build.0 = Debug|Any CPU
		{5AB38764-E8F7-41BC-A164-E4966E98CF15}.Release|Any CPU.ActiveCfg = Release|Any CPU
		{5AB38764-E8F7-41BC-A164-E4966E98CF15}.Release|Any CPU.Build.0 = Release|Any CPU
		{94981EC4-14C1-4F2F-9B93-4317806A5437}.Debug|Any CPU.ActiveCfg = Debug|Any CPU
		{94981EC4-14C1-4F2F-9B93-4317806A5437}.Debug|Any CPU.Build.0 = Debug|Any CPU
		{94981EC4-14C1-4F2F-9B93-4317806A5437}.Release|Any CPU.ActiveCfg = Release|Any CPU
		{94981EC4-14C1-4F2F-9B93-4317806A5437}.Release|Any CPU.Build.0 = Release|Any CPU
		{6C256748-6CA5-44D8-B1E1-151B1064EE8C}.Debug|Any CPU.ActiveCfg = Debug|Any CPU
		{6C256748-6CA5-44D8-B1E1-151B1064EE8C}.Debug|Any CPU.Build.0 = Debug|Any CPU
		{6C256748-6CA5-44D8-B1E1-151B1064EE8C}.Release|Any CPU.ActiveCfg = Release|Any CPU
		{6C256748-6CA5-44D8-B1E1-151B1064EE8C}.Release|Any CPU.Build.0 = Release|Any CPU
		{67FDED46-1494-43EE-B95E-6DD3E573440E}.Debug|Any CPU.ActiveCfg = Debug|Any CPU
		{67FDED46-1494-43EE-B95E-6DD3E573440E}.Debug|Any CPU.Build.0 = Debug|Any CPU
		{67FDED46-1494-43EE-B95E-6DD3E573440E}.Release|Any CPU.ActiveCfg = Release|Any CPU
		{67FDED46-1494-43EE-B95E-6DD3E573440E}.Release|Any CPU.Build.0 = Release|Any CPU
		{C0B408EF-0AE8-43B6-8C73-93DA69974C13}.Debug|Any CPU.ActiveCfg = Debug|Any CPU
		{C0B408EF-0AE8-43B6-8C73-93DA69974C13}.Debug|Any CPU.Build.0 = Debug|Any CPU
		{C0B408EF-0AE8-43B6-8C73-93DA69974C13}.Release|Any CPU.ActiveCfg = Release|Any CPU
		{C0B408EF-0AE8-43B6-8C73-93DA69974C13}.Release|Any CPU.Build.0 = Release|Any CPU
	EndGlobalSection
	GlobalSection(SolutionProperties) = preSolution
		HideSolutionNode = FALSE
	EndGlobalSection
	GlobalSection(ExtensibilityGlobals) = postSolution
		SolutionGuid = {EB382C4D-0F35-49A3-939C-82EF9772C643}
	EndGlobalSection
EndGlobal
